// !$*UTF8*$!
{
	archiveVersion = 1;
	classes = {
	};
	objectVersion = 50;
	objects = {

/* Begin PBXBuildFile section */
		11A2269E254C2CD30063371B /* AppDelegate.swift in Sources */ = {isa = PBXBuildFile; fileRef = 11A2269D254C2CD30063371B /* AppDelegate.swift */; };
		11A226A0254C2CD30063371B /* SceneDelegate.swift in Sources */ = {isa = PBXBuildFile; fileRef = 11A2269F254C2CD30063371B /* SceneDelegate.swift */; };
		11A226A2254C2CD30063371B /* ViewController.swift in Sources */ = {isa = PBXBuildFile; fileRef = 11A226A1254C2CD30063371B /* ViewController.swift */; };
		11A226A5254C2CD30063371B /* Main.storyboard in Resources */ = {isa = PBXBuildFile; fileRef = 11A226A3254C2CD30063371B /* Main.storyboard */; };
		11A226A7254C2CD40063371B /* Assets.xcassets in Resources */ = {isa = PBXBuildFile; fileRef = 11A226A6254C2CD40063371B /* Assets.xcassets */; };
		11A226AA254C2CD40063371B /* LaunchScreen.storyboard in Resources */ = {isa = PBXBuildFile; fileRef = 11A226A8254C2CD40063371B /* LaunchScreen.storyboard */; };
		11CA496C255BB9540088E8AA /* CoffeeMachine.swift in Sources */ = {isa = PBXBuildFile; fileRef = 11CA496B255BB9540088E8AA /* CoffeeMachine.swift */; };
/* End PBXBuildFile section */

/* Begin PBXFileReference section */
		11A2269A254C2CD30063371B /* iosCourse.app */ = {isa = PBXFileReference; explicitFileType = wrapper.application; includeInIndex = 0; path = iosCourse.app; sourceTree = BUILT_PRODUCTS_DIR; };
		11A2269D254C2CD30063371B /* AppDelegate.swift */ = {isa = PBXFileReference; lastKnownFileType = sourcecode.swift; path = AppDelegate.swift; sourceTree = "<group>"; };
		11A2269F254C2CD30063371B /* SceneDelegate.swift */ = {isa = PBXFileReference; lastKnownFileType = sourcecode.swift; path = SceneDelegate.swift; sourceTree = "<group>"; };
		11A226A1254C2CD30063371B /* ViewController.swift */ = {isa = PBXFileReference; lastKnownFileType = sourcecode.swift; path = ViewController.swift; sourceTree = "<group>"; };
		11A226A4254C2CD30063371B /* Base */ = {isa = PBXFileReference; lastKnownFileType = file.storyboard; name = Base; path = Base.lproj/Main.storyboard; sourceTree = "<group>"; };
		11A226A6254C2CD40063371B /* Assets.xcassets */ = {isa = PBXFileReference; lastKnownFileType = folder.assetcatalog; path = Assets.xcassets; sourceTree = "<group>"; };
		11A226A9254C2CD40063371B /* Base */ = {isa = PBXFileReference; lastKnownFileType = file.storyboard; name = Base; path = Base.lproj/LaunchScreen.storyboard; sourceTree = "<group>"; };
		11A226AB254C2CD40063371B /* Info.plist */ = {isa = PBXFileReference; lastKnownFileType = text.plist.xml; path = Info.plist; sourceTree = "<group>"; };
		11CA496B255BB9540088E8AA /* CoffeeMachine.swift */ = {isa = PBXFileReference; lastKnownFileType = sourcecode.swift; path = CoffeeMachine.swift; sourceTree = "<group>"; };
/* End PBXFileReference section */

/* Begin PBXFrameworksBuildPhase section */
		11A22697254C2CD30063371B /* Frameworks */ = {
			isa = PBXFrameworksBuildPhase;
			buildActionMask = 2147483647;
			files = (
			);
			runOnlyForDeploymentPostprocessing = 0;
		};
/* End PBXFrameworksBuildPhase section */

/* Begin PBXGroup section */
		11A22691254C2CD30063371B = {
			isa = PBXGroup;
			children = (
				11A2269C254C2CD30063371B /* iosCourse */,
				11A2269B254C2CD30063371B /* Products */,
			);
			sourceTree = "<group>";
		};
		11A2269B254C2CD30063371B /* Products */ = {
			isa = PBXGroup;
			children = (
				11A2269A254C2CD30063371B /* iosCourse.app */,
			);
			name = Products;
			sourceTree = "<group>";
		};
		11A2269C254C2CD30063371B /* iosCourse */ = {
			isa = PBXGroup;
			children = (
				11A2269D254C2CD30063371B /* AppDelegate.swift */,
				11A2269F254C2CD30063371B /* SceneDelegate.swift */,
				11A226A1254C2CD30063371B /* ViewController.swift */,
				11A226A3254C2CD30063371B /* Main.storyboard */,
				11A226A6254C2CD40063371B /* Assets.xcassets */,
				11A226A8254C2CD40063371B /* LaunchScreen.storyboard */,
				11A226AB254C2CD40063371B /* Info.plist */,
				11CA496B255BB9540088E8AA /* CoffeeMachine.swift */,
			);
			path = iosCourse;
			sourceTree = "<group>";
		};
/* End PBXGroup section */

/* Begin PBXNativeTarget section */
		11A22699254C2CD30063371B /* iosCourse */ = {
			isa = PBXNativeTarget;
			buildConfigurationList = 11A226AE254C2CD40063371B /* Build configuration list for PBXNativeTarget "iosCourse" */;
			buildPhases = (
				11A22696254C2CD30063371B /* Sources */,
				11A22697254C2CD30063371B /* Frameworks */,
				11A22698254C2CD30063371B /* Resources */,
			);
			buildRules = (
			);
			dependencies = (
			);
			name = iosCourse;
			productName = iosCourse;
			productReference = 11A2269A254C2CD30063371B /* iosCourse.app */;
			productType = "com.apple.product-type.application";
		};
/* End PBXNativeTarget section */

/* Begin PBXProject section */
		11A22692254C2CD30063371B /* Project object */ = {
			isa = PBXProject;
			attributes = {
				LastSwiftUpdateCheck = 1170;
				LastUpgradeCheck = 1170;
				ORGANIZATIONNAME = "Artem Melkevych";
				TargetAttributes = {
					11A22699254C2CD30063371B = {
						CreatedOnToolsVersion = 11.7;
					};
				};
			};
			buildConfigurationList = 11A22695254C2CD30063371B /* Build configuration list for PBXProject "iosCourse" */;
			compatibilityVersion = "Xcode 9.3";
			developmentRegion = en;
			hasScannedForEncodings = 0;
			knownRegions = (
				en,
				Base,
			);
			mainGroup = 11A22691254C2CD30063371B;
			productRefGroup = 11A2269B254C2CD30063371B /* Products */;
			projectDirPath = "";
			projectRoot = "";
			targets = (
				11A22699254C2CD30063371B /* iosCourse */,
			);
		};
/* End PBXProject section */

/* Begin PBXResourcesBuildPhase section */
		11A22698254C2CD30063371B /* Resources */ = {
			isa = PBXResourcesBuildPhase;
			buildActionMask = 2147483647;
			files = (
				11A226AA254C2CD40063371B /* LaunchScreen.storyboard in Resources */,
				11A226A7254C2CD40063371B /* Assets.xcassets in Resources */,
				11A226A5254C2CD30063371B /* Main.storyboard in Resources */,
			);
			runOnlyForDeploymentPostprocessing = 0;
		};
/* End PBXResourcesBuildPhase section */

/* Begin PBXSourcesBuildPhase section */
		11A22696254C2CD30063371B /* Sources */ = {
			isa = PBXSourcesBuildPhase;
			buildActionMask = 2147483647;
			files = (
				11A226A2254C2CD30063371B /* ViewController.swift in Sources */,
				11A2269E254C2CD30063371B /* AppDelegate.swift in Sources */,
				11A226A0254C2CD30063371B /* SceneDelegate.swift in Sources */,
				11CA496C255BB9540088E8AA /* CoffeeMachine.swift in Sources */,
			);
			runOnlyForDeploymentPostprocessing = 0;
		};
/* End PBXSourcesBuildPhase section */

/* Begin PBXVariantGroup section */
		11A226A3254C2CD30063371B /* Main.storyboard */ = {
			isa = PBXVariantGroup;
			children = (
				11A226A4254C2CD30063371B /* Base */,
			);
			name = Main.storyboard;
			sourceTree = "<group>";
		};
		11A226A8254C2CD40063371B /* LaunchScreen.storyboard */ = {
			isa = PBXVariantGroup;
			children = (
				11A226A9254C2CD40063371B /* Base */,
			);
			name = LaunchScreen.storyboard;
			sourceTree = "<group>";
		};
/* End PBXVariantGroup section */

/* Begin XCBuildConfiguration section */
		11A226AC254C2CD40063371B /* Debug */ = {
			isa = XCBuildConfiguration;
			buildSettings = {
				ALWAYS_SEARCH_USER_PATHS = NO;
				CLANG_ANALYZER_NONNULL = YES;
				CLANG_ANALYZER_NUMBER_OBJECT_CONVERSION = YES_AGGRESSIVE;
				CLANG_CXX_LANGUAGE_STANDARD = "gnu++14";
				CLANG_CXX_LIBRARY = "libc++";
				CLANG_ENABLE_MODULES = YES;
				CLANG_ENABLE_OBJC_ARC = YES;
				CLANG_ENABLE_OBJC_WEAK = YES;
				CLANG_WARN_BLOCK_CAPTURE_AUTORELEASING = YES;
				CLANG_WARN_BOOL_CONVERSION = YES;
				CLANG_WARN_COMMA = YES;
				CLANG_WARN_CONSTANT_CONVERSION = YES;
				CLANG_WARN_DEPRECATED_OBJC_IMPLEMENTATIONS = YES;
				CLANG_WARN_DIRECT_OBJC_ISA_USAGE = YES_ERROR;
				CLANG_WARN_DOCUMENTATION_COMMENTS = YES;
				CLANG_WARN_EMPTY_BODY = YES;
				CLANG_WARN_ENUM_CONVERSION = YES;
				CLANG_WARN_INFINITE_RECURSION = YES;
				CLANG_WARN_INT_CONVERSION = YES;
				CLANG_WARN_NON_LITERAL_NULL_CONVERSION = YES;
				CLANG_WARN_OBJC_IMPLICIT_RETAIN_SELF = YES;
				CLANG_WARN_OBJC_LITERAL_CONVERSION = YES;
				CLANG_WARN_OBJC_ROOT_CLASS = YES_ERROR;
				CLANG_WARN_RANGE_LOOP_ANALYSIS = YES;
				CLANG_WARN_STRICT_PROTOTYPES = YES;
				CLANG_WARN_SUSPICIOUS_MOVE = YES;
				CLANG_WARN_UNGUARDED_AVAILABILITY = YES_AGGRESSIVE;
				CLANG_WARN_UNREACHABLE_CODE = YES;
				CLANG_WARN__DUPLICATE_METHOD_MATCH = YES;
				COPY_PHASE_STRIP = NO;
				DEBUG_INFORMATION_FORMAT = dwarf;
				ENABLE_STRICT_OBJC_MSGSEND = YES;
				ENABLE_TESTABILITY = YES;
				GCC_C_LANGUAGE_STANDARD = gnu11;
				GCC_DYNAMIC_NO_PIC = NO;
				GCC_NO_COMMON_BLOCKS = YES;
				GCC_OPTIMIZATION_LEVEL = 0;
				GCC_PREPROCESSOR_DEFINITIONS = (
					"DEBUG=1",
					"$(inherited)",
				);
				GCC_WARN_64_TO_32_BIT_CONVERSION = YES;
				GCC_WARN_ABOUT_RETURN_TYPE = YES_ERROR;
				GCC_WARN_UNDECLARED_SELECTOR = YES;
				GCC_WARN_UNINITIALIZED_AUTOS = YES_AGGRESSIVE;
				GCC_WARN_UNUSED_FUNCTION = YES;
				GCC_WARN_UNUSED_VARIABLE = YES;
				IPHONEOS_DEPLOYMENT_TARGET = 13.7;
				MTL_ENABLE_DEBUG_INFO = INCLUDE_SOURCE;
				MTL_FAST_MATH = YES;
				ONLY_ACTIVE_ARCH = YES;
				SDKROOT = iphoneos;
				SWIFT_ACTIVE_COMPILATION_CONDITIONS = DEBUG;
				SWIFT_OPTIMIZATION_LEVEL = "-Onone";
			};
			name = Debug;
		};
		11A226AD254C2CD40063371B /* Release */ = {
			isa = XCBuildConfiguration;
			buildSettings = {
				ALWAYS_SEARCH_USER_PATHS = NO;
				CLANG_ANALYZER_NONNULL = YES;
				CLANG_ANALYZER_NUMBER_OBJECT_CONVERSION = YES_AGGRESSIVE;
				CLANG_CXX_LANGUAGE_STANDARD = "gnu++14";
				CLANG_CXX_LIBRARY = "libc++";
				CLANG_ENABLE_MODULES = YES;
				CLANG_ENABLE_OBJC_ARC = YES;
				CLANG_ENABLE_OBJC_WEAK = YES;
				CLANG_WARN_BLOCK_CAPTURE_AUTORELEASING = YES;
				CLANG_WARN_BOOL_CONVERSION = YES;
				CLANG_WARN_COMMA = YES;
				CLANG_WARN_CONSTANT_CONVERSION = YES;
				CLANG_WARN_DEPRECATED_OBJC_IMPLEMENTATIONS = YES;
				CLANG_WARN_DIRECT_OBJC_ISA_USAGE = YES_ERROR;
				CLANG_WARN_DOCUMENTATION_COMMENTS = YES;
				CLANG_WARN_EMPTY_BODY = YES;
				CLANG_WARN_ENUM_CONVERSION = YES;
				CLANG_WARN_INFINITE_RECURSION = YES;
				CLANG_WARN_INT_CONVERSION = YES;
				CLANG_WARN_NON_LITERAL_NULL_CONVERSION = YES;
				CLANG_WARN_OBJC_IMPLICIT_RETAIN_SELF = YES;
				CLANG_WARN_OBJC_LITERAL_CONVERSION = YES;
				CLANG_WARN_OBJC_ROOT_CLASS = YES_ERROR;
				CLANG_WARN_RANGE_LOOP_ANALYSIS = YES;
				CLANG_WARN_STRICT_PROTOTYPES = YES;
				CLANG_WARN_SUSPICIOUS_MOVE = YES;
				CLANG_WARN_UNGUARDED_AVAILABILITY = YES_AGGRESSIVE;
				CLANG_WARN_UNREACHABLE_CODE = YES;
				CLANG_WARN__DUPLICATE_METHOD_MATCH = YES;
				COPY_PHASE_STRIP = NO;
				DEBUG_INFORMATION_FORMAT = "dwarf-with-dsym";
				ENABLE_NS_ASSERTIONS = NO;
				ENABLE_STRICT_OBJC_MSGSEND = YES;
				GCC_C_LANGUAGE_STANDARD = gnu11;
				GCC_NO_COMMON_BLOCKS = YES;
				GCC_WARN_64_TO_32_BIT_CONVERSION = YES;
				GCC_WARN_ABOUT_RETURN_TYPE = YES_ERROR;
				GCC_WARN_UNDECLARED_SELECTOR = YES;
				GCC_WARN_UNINITIALIZED_AUTOS = YES_AGGRESSIVE;
				GCC_WARN_UNUSED_FUNCTION = YES;
				GCC_WARN_UNUSED_VARIABLE = YES;
				IPHONEOS_DEPLOYMENT_TARGET = 13.7;
				MTL_ENABLE_DEBUG_INFO = NO;
				MTL_FAST_MATH = YES;
				SDKROOT = iphoneos;
				SWIFT_COMPILATION_MODE = wholemodule;
				SWIFT_OPTIMIZATION_LEVEL = "-O";
				VALIDATE_PRODUCT = YES;
			};
			name = Release;
		};
		11A226AF254C2CD40063371B /* Debug */ = {
			isa = XCBuildConfiguration;
			buildSettings = {
				ASSETCATALOG_COMPILER_APPICON_NAME = AppIcon;
				CODE_SIGN_STYLE = Automatic;
				INFOPLIST_FILE = iosCourse/Info.plist;
				LD_RUNPATH_SEARCH_PATHS = (
					"$(inherited)",
					"@executable_path/Frameworks",
				);
				PRODUCT_BUNDLE_IDENTIFIER = Artem.iosCourse;
				PRODUCT_NAME = "$(TARGET_NAME)";
				SWIFT_VERSION = 5.0;
				TARGETED_DEVICE_FAMILY = "1,2";
			};
			name = Debug;
		};
		11A226B0254C2CD40063371B /* Release */ = {
			isa = XCBuildConfiguration;
			buildSettings = {
				ASSETCATALOG_COMPILER_APPICON_NAME = AppIcon;
				CODE_SIGN_STYLE = Automatic;
				INFOPLIST_FILE = iosCourse/Info.plist;
				LD_RUNPATH_SEARCH_PATHS = (
					"$(inherited)",
					"@executable_path/Frameworks",
				);
				PRODUCT_BUNDLE_IDENTIFIER = Artem.iosCourse;
				PRODUCT_NAME = "$(TARGET_NAME)";
				SWIFT_VERSION = 5.0;
				TARGETED_DEVICE_FAMILY = "1,2";
			};
			name = Release;
		};
/* End XCBuildConfiguration section */

/* Begin XCConfigurationList section */
		11A22695254C2CD30063371B /* Build configuration list for PBXProject "iosCourse" */ = {
			isa = XCConfigurationList;
			buildConfigurations = (
				11A226AC254C2CD40063371B /* Debug */,
				11A226AD254C2CD40063371B /* Release */,
			);
			defaultConfigurationIsVisible = 0;
			defaultConfigurationName = Release;
		};
		11A226AE254C2CD40063371B /* Build configuration list for PBXNativeTarget "iosCourse" */ = {
			isa = XCConfigurationList;
			buildConfigurations = (
				11A226AF254C2CD40063371B /* Debug */,
				11A226B0254C2CD40063371B /* Release */,
			);
			defaultConfigurationIsVisible = 0;
			defaultConfigurationName = Release;
		};
/* End XCConfigurationList section */
	};
	rootObject = 11A22692254C2CD30063371B /* Project object */;
}
